
Microsoft Visual Studio Solution File, Format Version 12.00
# TcXaeShell Solution File, Format Version 11.00
VisualStudioVersion = 15.0.28307.1300
MinimumVisualStudioVersion = 10.0.40219.1
Project("{B1E792BE-AA5F-4E3C-8C82-674BF9C0715B}") = "Libs", "Libs\Libs.tsproj", "{6D184C82-CADA-4D27-95FE-2381032287F2}"
EndProject
Global
	GlobalSection(SolutionConfigurationPlatforms) = preSolution
		Debug|TwinCAT CE7 (ARMV7) = Debug|TwinCAT CE7 (ARMV7)
		Debug|TwinCAT OS (ARMT2) = Debug|TwinCAT OS (ARMT2)
		Debug|TwinCAT RT (x64) = Debug|TwinCAT RT (x64)
		Debug|TwinCAT RT (x86) = Debug|TwinCAT RT (x86)
		Release|TwinCAT CE7 (ARMV7) = Release|TwinCAT CE7 (ARMV7)
		Release|TwinCAT OS (ARMT2) = Release|TwinCAT OS (ARMT2)
		Release|TwinCAT RT (x64) = Release|TwinCAT RT (x64)
		Release|TwinCAT RT (x86) = Release|TwinCAT RT (x86)
	EndGlobalSection
	GlobalSection(ProjectConfigurationPlatforms) = postSolution
		{6D184C82-CADA-4D27-95FE-2381032287F2}.Debug|TwinCAT CE7 (ARMV7).ActiveCfg = Debug|TwinCAT CE7 (ARMV7)
		{6D184C82-CADA-4D27-95FE-2381032287F2}.Debug|TwinCAT CE7 (ARMV7).Build.0 = Debug|TwinCAT CE7 (ARMV7)
		{6D184C82-CADA-4D27-95FE-2381032287F2}.Debug|TwinCAT OS (ARMT2).ActiveCfg = Debug|TwinCAT OS (ARMT2)
		{6D184C82-CADA-4D27-95FE-2381032287F2}.Debug|TwinCAT OS (ARMT2).Build.0 = Debug|TwinCAT OS (ARMT2)
		{6D184C82-CADA-4D27-95FE-2381032287F2}.Debug|TwinCAT RT (x64).ActiveCfg = Debug|TwinCAT RT (x64)
		{6D184C82-CADA-4D27-95FE-2381032287F2}.Debug|TwinCAT RT (x64).Build.0 = Debug|TwinCAT RT (x64)
		{6D184C82-CADA-4D27-95FE-2381032287F2}.Debug|TwinCAT RT (x86).ActiveCfg = Debug|TwinCAT RT (x86)
		{6D184C82-CADA-4D27-95FE-2381032287F2}.Debug|TwinCAT RT (x86).Build.0 = Debug|TwinCAT RT (x86)
		{6D184C82-CADA-4D27-95FE-2381032287F2}.Release|TwinCAT CE7 (ARMV7).ActiveCfg = Release|TwinCAT CE7 (ARMV7)
		{6D184C82-CADA-4D27-95FE-2381032287F2}.Release|TwinCAT CE7 (ARMV7).Build.0 = Release|TwinCAT CE7 (ARMV7)
		{6D184C82-CADA-4D27-95FE-2381032287F2}.Release|TwinCAT OS (ARMT2).ActiveCfg = Release|TwinCAT OS (ARMT2)
		{6D184C82-CADA-4D27-95FE-2381032287F2}.Release|TwinCAT OS (ARMT2).Build.0 = Release|TwinCAT OS (ARMT2)
		{6D184C82-CADA-4D27-95FE-2381032287F2}.Release|TwinCAT RT (x64).ActiveCfg = Release|TwinCAT RT (x64)
		{6D184C82-CADA-4D27-95FE-2381032287F2}.Release|TwinCAT RT (x64).Build.0 = Release|TwinCAT RT (x64)
		{6D184C82-CADA-4D27-95FE-2381032287F2}.Release|TwinCAT RT (x86).ActiveCfg = Release|TwinCAT RT (x86)
		{6D184C82-CADA-4D27-95FE-2381032287F2}.Release|TwinCAT RT (x86).Build.0 = Release|TwinCAT RT (x86)
		{B790F670-7293-4179-A8D9-F28FFAA4C87E}.Debug|TwinCAT CE7 (ARMV7).ActiveCfg = Debug|TwinCAT CE7 (ARMV7)
		{B790F670-7293-4179-A8D9-F28FFAA4C87E}.Debug|TwinCAT CE7 (ARMV7).Build.0 = Debug|TwinCAT CE7 (ARMV7)
		{B790F670-7293-4179-A8D9-F28FFAA4C87E}.Debug|TwinCAT OS (ARMT2).ActiveCfg = Debug|TwinCAT OS (ARMT2)
		{B790F670-7293-4179-A8D9-F28FFAA4C87E}.Debug|TwinCAT OS (ARMT2).Build.0 = Debug|TwinCAT OS (ARMT2)
		{B790F670-7293-4179-A8D9-F28FFAA4C87E}.Debug|TwinCAT RT (x64).ActiveCfg = Debug|TwinCAT RT (x64)
		{B790F670-7293-4179-A8D9-F28FFAA4C87E}.Debug|TwinCAT RT (x64).Build.0 = Debug|TwinCAT RT (x64)
		{B790F670-7293-4179-A8D9-F28FFAA4C87E}.Debug|TwinCAT RT (x86).ActiveCfg = Debug|TwinCAT RT (x86)
		{B790F670-7293-4179-A8D9-F28FFAA4C87E}.Debug|TwinCAT RT (x86).Build.0 = Debug|TwinCAT RT (x86)
		{B790F670-7293-4179-A8D9-F28FFAA4C87E}.Release|TwinCAT CE7 (ARMV7).ActiveCfg = Release|TwinCAT CE7 (ARMV7)
		{B790F670-7293-4179-A8D9-F28FFAA4C87E}.Release|TwinCAT CE7 (ARMV7).Build.0 = Release|TwinCAT CE7 (ARMV7)
		{B790F670-7293-4179-A8D9-F28FFAA4C87E}.Release|TwinCAT OS (ARMT2).ActiveCfg = Release|TwinCAT OS (ARMT2)
		{B790F670-7293-4179-A8D9-F28FFAA4C87E}.Release|TwinCAT OS (ARMT2).Build.0 = Release|TwinCAT OS (ARMT2)
		{B790F670-7293-4179-A8D9-F28FFAA4C87E}.Release|TwinCAT RT (x64).ActiveCfg = Release|TwinCAT RT (x64)
		{B790F670-7293-4179-A8D9-F28FFAA4C87E}.Release|TwinCAT RT (x86).ActiveCfg = Release|TwinCAT RT (x86)
		{B790F670-7293-4179-A8D9-F28FFAA4C87E}.Release|TwinCAT RT (x86).Build.0 = Release|TwinCAT RT (x86)
		{4AF165BE-8517-4FC5-8F26-27F1799AEA29}.Debug|TwinCAT CE7 (ARMV7).ActiveCfg = Debug|TwinCAT CE7 (ARMV7)
		{4AF165BE-8517-4FC5-8F26-27F1799AEA29}.Debug|TwinCAT CE7 (ARMV7).Build.0 = Debug|TwinCAT CE7 (ARMV7)
		{4AF165BE-8517-4FC5-8F26-27F1799AEA29}.Debug|TwinCAT OS (ARMT2).ActiveCfg = Debug|TwinCAT OS (ARMT2)
		{4AF165BE-8517-4FC5-8F26-27F1799AEA29}.Debug|TwinCAT OS (ARMT2).Build.0 = Debug|TwinCAT OS (ARMT2)
		{4AF165BE-8517-4FC5-8F26-27F1799AEA29}.Debug|TwinCAT RT (x64).ActiveCfg = Debug|TwinCAT RT (x64)
		{4AF165BE-8517-4FC5-8F26-27F1799AEA29}.Debug|TwinCAT RT (x64).Build.0 = Debug|TwinCAT RT (x64)
		{4AF165BE-8517-4FC5-8F26-27F1799AEA29}.Debug|TwinCAT RT (x86).ActiveCfg = Debug|TwinCAT RT (x86)
		{4AF165BE-8517-4FC5-8F26-27F1799AEA29}.Debug|TwinCAT RT (x86).Build.0 = Debug|TwinCAT RT (x86)
		{4AF165BE-8517-4FC5-8F26-27F1799AEA29}.Release|TwinCAT CE7 (ARMV7).ActiveCfg = Release|TwinCAT CE7 (ARMV7)
		{4AF165BE-8517-4FC5-8F26-27F1799AEA29}.Release|TwinCAT CE7 (ARMV7).Build.0 = Release|TwinCAT CE7 (ARMV7)
		{4AF165BE-8517-4FC5-8F26-27F1799AEA29}.Release|TwinCAT OS (ARMT2).ActiveCfg = Release|TwinCAT OS (ARMT2)
		{4AF165BE-8517-4FC5-8F26-27F1799AEA29}.Release|TwinCAT OS (ARMT2).Build.0 = Release|TwinCAT OS (ARMT2)
		{4AF165BE-8517-4FC5-8F26-27F1799AEA29}.Release|TwinCAT RT (x64).ActiveCfg = Release|TwinCAT RT (x64)
		{4AF165BE-8517-4FC5-8F26-27F1799AEA29}.Release|TwinCAT RT (x86).ActiveCfg = Release|TwinCAT RT (x86)
		{4AF165BE-8517-4FC5-8F26-27F1799AEA29}.Release|TwinCAT RT (x86).Build.0 = Release|TwinCAT RT (x86)
		{FF429566-39CC-45BA-B407-E3699E60242F}.Debug|TwinCAT CE7 (ARMV7).ActiveCfg = Debug|TwinCAT CE7 (ARMV7)
		{FF429566-39CC-45BA-B407-E3699E60242F}.Debug|TwinCAT CE7 (ARMV7).Build.0 = Debug|TwinCAT CE7 (ARMV7)
		{FF429566-39CC-45BA-B407-E3699E60242F}.Debug|TwinCAT OS (ARMT2).ActiveCfg = Debug|TwinCAT OS (ARMT2)
		{FF429566-39CC-45BA-B407-E3699E60242F}.Debug|TwinCAT OS (ARMT2).Build.0 = Debug|TwinCAT OS (ARMT2)
		{FF429566-39CC-45BA-B407-E3699E60242F}.Debug|TwinCAT RT (x64).ActiveCfg = Debug|TwinCAT RT (x64)
		{FF429566-39CC-45BA-B407-E3699E60242F}.Debug|TwinCAT RT (x64).Build.0 = Debug|TwinCAT RT (x64)
		{FF429566-39CC-45BA-B407-E3699E60242F}.Debug|TwinCAT RT (x86).ActiveCfg = Debug|TwinCAT RT (x86)
		{FF429566-39CC-45BA-B407-E3699E60242F}.Debug|TwinCAT RT (x86).Build.0 = Debug|TwinCAT RT (x86)
		{FF429566-39CC-45BA-B407-E3699E60242F}.Release|TwinCAT CE7 (ARMV7).ActiveCfg = Release|TwinCAT CE7 (ARMV7)
		{FF429566-39CC-45BA-B407-E3699E60242F}.Release|TwinCAT CE7 (ARMV7).Build.0 = Release|TwinCAT CE7 (ARMV7)
		{FF429566-39CC-45BA-B407-E3699E60242F}.Release|TwinCAT OS (ARMT2).ActiveCfg = Release|TwinCAT OS (ARMT2)
		{FF429566-39CC-45BA-B407-E3699E60242F}.Release|TwinCAT OS (ARMT2).Build.0 = Release|TwinCAT OS (ARMT2)
		{FF429566-39CC-45BA-B407-E3699E60242F}.Release|TwinCAT RT (x64).ActiveCfg = Release|TwinCAT RT (x64)
		{FF429566-39CC-45BA-B407-E3699E60242F}.Release|TwinCAT RT (x86).ActiveCfg = Release|TwinCAT RT (x86)
		{FF429566-39CC-45BA-B407-E3699E60242F}.Release|TwinCAT RT (x86).Build.0 = Release|TwinCAT RT (x86)
		{CD0BD1B0-B0E0-44C4-91C5-335522A0D47B}.Debug|TwinCAT CE7 (ARMV7).ActiveCfg = Debug|TwinCAT CE7 (ARMV7)
		{CD0BD1B0-B0E0-44C4-91C5-335522A0D47B}.Debug|TwinCAT CE7 (ARMV7).Build.0 = Debug|TwinCAT CE7 (ARMV7)
		{CD0BD1B0-B0E0-44C4-91C5-335522A0D47B}.Debug|TwinCAT OS (ARMT2).ActiveCfg = Debug|TwinCAT OS (ARMT2)
		{CD0BD1B0-B0E0-44C4-91C5-335522A0D47B}.Debug|TwinCAT OS (ARMT2).Build.0 = Debug|TwinCAT OS (ARMT2)
		{CD0BD1B0-B0E0-44C4-91C5-335522A0D47B}.Debug|TwinCAT RT (x64).ActiveCfg = Debug|TwinCAT RT (x64)
		{CD0BD1B0-B0E0-44C4-91C5-335522A0D47B}.Debug|TwinCAT RT (x64).Build.0 = Debug|TwinCAT RT (x64)
		{CD0BD1B0-B0E0-44C4-91C5-335522A0D47B}.Debug|TwinCAT RT (x86).ActiveCfg = Debug|TwinCAT RT (x86)
		{CD0BD1B0-B0E0-44C4-91C5-335522A0D47B}.Debug|TwinCAT RT (x86).Build.0 = Debug|TwinCAT RT (x86)
		{CD0BD1B0-B0E0-44C4-91C5-335522A0D47B}.Release|TwinCAT CE7 (ARMV7).ActiveCfg = Release|TwinCAT CE7 (ARMV7)
		{CD0BD1B0-B0E0-44C4-91C5-335522A0D47B}.Release|TwinCAT CE7 (ARMV7).Build.0 = Release|TwinCAT CE7 (ARMV7)
		{CD0BD1B0-B0E0-44C4-91C5-335522A0D47B}.Release|TwinCAT OS (ARMT2).ActiveCfg = Release|TwinCAT OS (ARMT2)
		{CD0BD1B0-B0E0-44C4-91C5-335522A0D47B}.Release|TwinCAT OS (ARMT2).Build.0 = Release|TwinCAT OS (ARMT2)
		{CD0BD1B0-B0E0-44C4-91C5-335522A0D47B}.Release|TwinCAT RT (x64).ActiveCfg = Release|TwinCAT RT (x64)
		{CD0BD1B0-B0E0-44C4-91C5-335522A0D47B}.Release|TwinCAT RT (x64).Build.0 = Release|TwinCAT RT (x64)
		{CD0BD1B0-B0E0-44C4-91C5-335522A0D47B}.Release|TwinCAT RT (x86).ActiveCfg = Release|TwinCAT RT (x86)
		{CD0BD1B0-B0E0-44C4-91C5-335522A0D47B}.Release|TwinCAT RT (x86).Build.0 = Release|TwinCAT RT (x86)
	EndGlobalSection
	GlobalSection(SolutionProperties) = preSolution
		HideSolutionNode = FALSE
	EndGlobalSection
	GlobalSection(ExtensibilityGlobals) = postSolution
		SolutionGuid = {DC09273B-EDFB-4706-A195-3E9C317B3668}
	EndGlobalSection
EndGlobal
